// !$*UTF8*$!
{
	archiveVersion = 1;
	classes = {
	};
	objectVersion = 50;
	objects = {

/* Begin PBXBuildFile section */
		24B87E9D22FADFA0008AE95E /* AppDelegate.m in Sources */ = {isa = PBXBuildFile; fileRef = 24B87E9C22FADFA0008AE95E /* AppDelegate.m */; };
		24B87EA022FADFA0008AE95E /* ViewController.m in Sources */ = {isa = PBXBuildFile; fileRef = 24B87E9F22FADFA0008AE95E /* ViewController.m */; };
		24B87EA322FADFA0008AE95E /* Main.storyboard in Resources */ = {isa = PBXBuildFile; fileRef = 24B87EA122FADFA0008AE95E /* Main.storyboard */; };
		24B87EA522FADFA3008AE95E /* Assets.xcassets in Resources */ = {isa = PBXBuildFile; fileRef = 24B87EA422FADFA3008AE95E /* Assets.xcassets */; };
		24B87EA822FADFA3008AE95E /* LaunchScreen.storyboard in Resources */ = {isa = PBXBuildFile; fileRef = 24B87EA622FADFA3008AE95E /* LaunchScreen.storyboard */; };
		24B87EAB22FADFA3008AE95E /* main.m in Sources */ = {isa = PBXBuildFile; fileRef = 24B87EAA22FADFA3008AE95E /* main.m */; };
		24B87EB522FADFA3008AE95E /* videoTests.m in Sources */ = {isa = PBXBuildFile; fileRef = 24B87EB422FADFA3008AE95E /* videoTests.m */; };
		24B87EC022FADFA4008AE95E /* videoUITests.m in Sources */ = {isa = PBXBuildFile; fileRef = 24B87EBF22FADFA4008AE95E /* videoUITests.m */; };
/* End PBXBuildFile section */

/* Begin PBXContainerItemProxy section */
		24B87EB122FADFA3008AE95E /* PBXContainerItemProxy */ = {
			isa = PBXContainerItemProxy;
			containerPortal = 24B87E9022FADFA0008AE95E /* Project object */;
			proxyType = 1;
			remoteGlobalIDString = 24B87E9722FADFA0008AE95E;
			remoteInfo = video;
		};
		24B87EBC22FADFA4008AE95E /* PBXContainerItemProxy */ = {
			isa = PBXContainerItemProxy;
			containerPortal = 24B87E9022FADFA0008AE95E /* Project object */;
			proxyType = 1;
			remoteGlobalIDString = 24B87E9722FADFA0008AE95E;
			remoteInfo = video;
		};
/* End PBXContainerItemProxy section */

/* Begin PBXFileReference section */
		24B87E9822FADFA0008AE95E /* video.app */ = {isa = PBXFileReference; explicitFileType = wrapper.application; includeInIndex = 0; path = video.app; sourceTree = BUILT_PRODUCTS_DIR; };
		24B87E9B22FADFA0008AE95E /* AppDelegate.h */ = {isa = PBXFileReference; lastKnownFileType = sourcecode.c.h; path = AppDelegate.h; sourceTree = "<group>"; };
		24B87E9C22FADFA0008AE95E /* AppDelegate.m */ = {isa = PBXFileReference; lastKnownFileType = sourcecode.c.objc; path = AppDelegate.m; sourceTree = "<group>"; };
		24B87E9E22FADFA0008AE95E /* ViewController.h */ = {isa = PBXFileReference; lastKnownFileType = sourcecode.c.h; path = ViewController.h; sourceTree = "<group>"; };
		24B87E9F22FADFA0008AE95E /* ViewController.m */ = {isa = PBXFileReference; lastKnownFileType = sourcecode.c.objc; path = ViewController.m; sourceTree = "<group>"; };
		24B87EA222FADFA0008AE95E /* Base */ = {isa = PBXFileReference; lastKnownFileType = file.storyboard; name = Base; path = Base.lproj/Main.storyboard; sourceTree = "<group>"; };
		24B87EA422FADFA3008AE95E /* Assets.xcassets */ = {isa = PBXFileReference; lastKnownFileType = folder.assetcatalog; path = Assets.xcassets; sourceTree = "<group>"; };
		24B87EA722FADFA3008AE95E /* Base */ = {isa = PBXFileReference; lastKnownFileType = file.storyboard; name = Base; path = Base.lproj/LaunchScreen.storyboard; sourceTree = "<group>"; };
		24B87EA922FADFA3008AE95E /* Info.plist */ = {isa = PBXFileReference; lastKnownFileType = text.plist.xml; path = Info.plist; sourceTree = "<group>"; };
		24B87EAA22FADFA3008AE95E /* main.m */ = {isa = PBXFileReference; lastKnownFileType = sourcecode.c.objc; path = main.m; sourceTree = "<group>"; };
		24B87EB022FADFA3008AE95E /* videoTests.xctest */ = {isa = PBXFileReference; explicitFileType = wrapper.cfbundle; includeInIndex = 0; path = videoTests.xctest; sourceTree = BUILT_PRODUCTS_DIR; };
		24B87EB422FADFA3008AE95E /* videoTests.m */ = {isa = PBXFileReference; lastKnownFileType = sourcecode.c.objc; path = videoTests.m; sourceTree = "<group>"; };
		24B87EB622FADFA3008AE95E /* Info.plist */ = {isa = PBXFileReference; lastKnownFileType = text.plist.xml; path = Info.plist; sourceTree = "<group>"; };
		24B87EBB22FADFA4008AE95E /* videoUITests.xctest */ = {isa = PBXFileReference; explicitFileType = wrapper.cfbundle; includeInIndex = 0; path = videoUITests.xctest; sourceTree = BUILT_PRODUCTS_DIR; };
		24B87EBF22FADFA4008AE95E /* videoUITests.m */ = {isa = PBXFileReference; lastKnownFileType = sourcecode.c.objc; path = videoUITests.m; sourceTree = "<group>"; };
		24B87EC122FADFA4008AE95E /* Info.plist */ = {isa = PBXFileReference; lastKnownFileType = text.plist.xml; path = Info.plist; sourceTree = "<group>"; };
/* End PBXFileReference section */

/* Begin PBXFrameworksBuildPhase section */
		24B87E9522FADFA0008AE95E /* Frameworks */ = {
			isa = PBXFrameworksBuildPhase;
			buildActionMask = 2147483647;
			files = (
			);
			runOnlyForDeploymentPostprocessing = 0;
		};
		24B87EAD22FADFA3008AE95E /* Frameworks */ = {
			isa = PBXFrameworksBuildPhase;
			buildActionMask = 2147483647;
			files = (
			);
			runOnlyForDeploymentPostprocessing = 0;
		};
		24B87EB822FADFA4008AE95E /* Frameworks */ = {
			isa = PBXFrameworksBuildPhase;
			buildActionMask = 2147483647;
			files = (
			);
			runOnlyForDeploymentPostprocessing = 0;
		};
/* End PBXFrameworksBuildPhase section */

/* Begin PBXGroup section */
		24B87E8F22FADFA0008AE95E = {
			isa = PBXGroup;
			children = (
				24B87E9A22FADFA0008AE95E /* video */,
				24B87EB322FADFA3008AE95E /* videoTests */,
				24B87EBE22FADFA4008AE95E /* videoUITests */,
				24B87E9922FADFA0008AE95E /* Products */,
			);
			sourceTree = "<group>";
		};
		24B87E9922FADFA0008AE95E /* Products */ = {
			isa = PBXGroup;
			children = (
				24B87E9822FADFA0008AE95E /* video.app */,
				24B87EB022FADFA3008AE95E /* videoTests.xctest */,
				24B87EBB22FADFA4008AE95E /* videoUITests.xctest */,
			);
			name = Products;
			sourceTree = "<group>";
		};
		24B87E9A22FADFA0008AE95E /* video */ = {
			isa = PBXGroup;
			children = (
				24B87E9B22FADFA0008AE95E /* AppDelegate.h */,
				24B87E9C22FADFA0008AE95E /* AppDelegate.m */,
				24B87E9E22FADFA0008AE95E /* ViewController.h */,
				24B87E9F22FADFA0008AE95E /* ViewController.m */,
				24B87EA122FADFA0008AE95E /* Main.storyboard */,
				24B87EA422FADFA3008AE95E /* Assets.xcassets */,
				24B87EA622FADFA3008AE95E /* LaunchScreen.storyboard */,
				24B87EA922FADFA3008AE95E /* Info.plist */,
				24B87EAA22FADFA3008AE95E /* main.m */,
			);
			path = video;
			sourceTree = "<group>";
		};
		24B87EB322FADFA3008AE95E /* videoTests */ = {
			isa = PBXGroup;
			children = (
				24B87EB422FADFA3008AE95E /* videoTests.m */,
				24B87EB622FADFA3008AE95E /* Info.plist */,
			);
			path = videoTests;
			sourceTree = "<group>";
		};
		24B87EBE22FADFA4008AE95E /* videoUITests */ = {
			isa = PBXGroup;
			children = (
				24B87EBF22FADFA4008AE95E /* videoUITests.m */,
				24B87EC122FADFA4008AE95E /* Info.plist */,
			);
			path = videoUITests;
			sourceTree = "<group>";
		};
/* End PBXGroup section */

/* Begin PBXNativeTarget section */
		24B87E9722FADFA0008AE95E /* video */ = {
			isa = PBXNativeTarget;
			buildConfigurationList = 24B87EC422FADFA4008AE95E /* Build configuration list for PBXNativeTarget "video" */;
			buildPhases = (
				24B87E9422FADFA0008AE95E /* Sources */,
				24B87E9522FADFA0008AE95E /* Frameworks */,
				24B87E9622FADFA0008AE95E /* Resources */,
			);
			buildRules = (
			);
			dependencies = (
			);
			name = video;
			productName = video;
			productReference = 24B87E9822FADFA0008AE95E /* video.app */;
			productType = "com.apple.product-type.application";
		};
		24B87EAF22FADFA3008AE95E /* videoTests */ = {
			isa = PBXNativeTarget;
			buildConfigurationList = 24B87EC722FADFA4008AE95E /* Build configuration list for PBXNativeTarget "videoTests" */;
			buildPhases = (
				24B87EAC22FADFA3008AE95E /* Sources */,
				24B87EAD22FADFA3008AE95E /* Frameworks */,
				24B87EAE22FADFA3008AE95E /* Resources */,
			);
			buildRules = (
			);
			dependencies = (
				24B87EB222FADFA3008AE95E /* PBXTargetDependency */,
			);
			name = videoTests;
			productName = videoTests;
			productReference = 24B87EB022FADFA3008AE95E /* videoTests.xctest */;
			productType = "com.apple.product-type.bundle.unit-test";
		};
		24B87EBA22FADFA4008AE95E /* videoUITests */ = {
			isa = PBXNativeTarget;
			buildConfigurationList = 24B87ECA22FADFA4008AE95E /* Build configuration list for PBXNativeTarget "videoUITests" */;
			buildPhases = (
				24B87EB722FADFA4008AE95E /* Sources */,
				24B87EB822FADFA4008AE95E /* Frameworks */,
				24B87EB922FADFA4008AE95E /* Resources */,
			);
			buildRules = (
			);
			dependencies = (
				24B87EBD22FADFA4008AE95E /* PBXTargetDependency */,
			);
			name = videoUITests;
			productName = videoUITests;
			productReference = 24B87EBB22FADFA4008AE95E /* videoUITests.xctest */;
			productType = "com.apple.product-type.bundle.ui-testing";
		};
/* End PBXNativeTarget section */

/* Begin PBXProject section */
		24B87E9022FADFA0008AE95E /* Project object */ = {
			isa = PBXProject;
			attributes = {
				LastUpgradeCheck = 1020;
				ORGANIZATIONNAME = butter;
				TargetAttributes = {
					24B87E9722FADFA0008AE95E = {
						CreatedOnToolsVersion = 10.2.1;
					};
					24B87EAF22FADFA3008AE95E = {
						CreatedOnToolsVersion = 10.2.1;
						TestTargetID = 24B87E9722FADFA0008AE95E;
					};
					24B87EBA22FADFA4008AE95E = {
						CreatedOnToolsVersion = 10.2.1;
						TestTargetID = 24B87E9722FADFA0008AE95E;
					};
				};
			};
			buildConfigurationList = 24B87E9322FADFA0008AE95E /* Build configuration list for PBXProject "video" */;
			compatibilityVersion = "Xcode 9.3";
			developmentRegion = en;
			hasScannedForEncodings = 0;
			knownRegions = (
				en,
				Base,
			);
			mainGroup = 24B87E8F22FADFA0008AE95E;
			productRefGroup = 24B87E9922FADFA0008AE95E /* Products */;
			projectDirPath = "";
			projectRoot = "";
			targets = (
				24B87E9722FADFA0008AE95E /* video */,
				24B87EAF22FADFA3008AE95E /* videoTests */,
				24B87EBA22FADFA4008AE95E /* videoUITests */,
			);
		};
/* End PBXProject section */

/* Begin PBXResourcesBuildPhase section */
		24B87E9622FADFA0008AE95E /* Resources */ = {
			isa = PBXResourcesBuildPhase;
			buildActionMask = 2147483647;
			files = (
				24B87EA822FADFA3008AE95E /* LaunchScreen.storyboard in Resources */,
				24B87EA522FADFA3008AE95E /* Assets.xcassets in Resources */,
				24B87EA322FADFA0008AE95E /* Main.storyboard in Resources */,
			);
			runOnlyForDeploymentPostprocessing = 0;
		};
		24B87EAE22FADFA3008AE95E /* Resources */ = {
			isa = PBXResourcesBuildPhase;
			buildActionMask = 2147483647;
			files = (
			);
			runOnlyForDeploymentPostprocessing = 0;
		};
		24B87EB922FADFA4008AE95E /* Resources */ = {
			isa = PBXResourcesBuildPhase;
			buildActionMask = 2147483647;
			files = (
			);
			runOnlyForDeploymentPostprocessing = 0;
		};
/* End PBXResourcesBuildPhase section */

/* Begin PBXSourcesBuildPhase section */
		24B87E9422FADFA0008AE95E /* Sources */ = {
			isa = PBXSourcesBuildPhase;
			buildActionMask = 2147483647;
			files = (
				24B87EA022FADFA0008AE95E /* ViewController.m in Sources */,
				24B87EAB22FADFA3008AE95E /* main.m in Sources */,
				24B87E9D22FADFA0008AE95E /* AppDelegate.m in Sources */,
			);
			runOnlyForDeploymentPostprocessing = 0;
		};
		24B87EAC22FADFA3008AE95E /* Sources */ = {
			isa = PBXSourcesBuildPhase;
			buildActionMask = 2147483647;
			files = (
				24B87EB522FADFA3008AE95E /* videoTests.m in Sources */,
			);
			runOnlyForDeploymentPostprocessing = 0;
		};
		24B87EB722FADFA4008AE95E /* Sources */ = {
			isa = PBXSourcesBuildPhase;
			buildActionMask = 2147483647;
			files = (
				24B87EC022FADFA4008AE95E /* videoUITests.m in Sources */,
			);
			runOnlyForDeploymentPostprocessing = 0;
		};
/* End PBXSourcesBuildPhase section */

/* Begin PBXTargetDependency section */
		24B87EB222FADFA3008AE95E /* PBXTargetDependency */ = {
			isa = PBXTargetDependency;
			target = 24B87E9722FADFA0008AE95E /* video */;
			targetProxy = 24B87EB122FADFA3008AE95E /* PBXContainerItemProxy */;
		};
		24B87EBD22FADFA4008AE95E /* PBXTargetDependency */ = {
			isa = PBXTargetDependency;
			target = 24B87E9722FADFA0008AE95E /* video */;
			targetProxy = 24B87EBC22FADFA4008AE95E /* PBXContainerItemProxy */;
		};
/* End PBXTargetDependency section */

/* Begin PBXVariantGroup section */
		24B87EA122FADFA0008AE95E /* Main.storyboard */ = {
			isa = PBXVariantGroup;
			children = (
				24B87EA222FADFA0008AE95E /* Base */,
			);
			name = Main.storyboard;
			sourceTree = "<group>";
		};
		24B87EA622FADFA3008AE95E /* LaunchScreen.storyboard */ = {
			isa = PBXVariantGroup;
			children = (
				24B87EA722FADFA3008AE95E /* Base */,
			);
			name = LaunchScreen.storyboard;
			sourceTree = "<group>";
		};
/* End PBXVariantGroup section */

/* Begin XCBuildConfiguration section */
		24B87EC222FADFA4008AE95E /* Debug */ = {
			isa = XCBuildConfiguration;
			buildSettings = {
				ALWAYS_SEARCH_USER_PATHS = NO;
				CLANG_ANALYZER_NONNULL = YES;
				CLANG_ANALYZER_NUMBER_OBJECT_CONVERSION = YES_AGGRESSIVE;
				CLANG_CXX_LANGUAGE_STANDARD = "gnu++14";
				CLANG_CXX_LIBRARY = "libc++";
				CLANG_ENABLE_MODULES = YES;
				CLANG_ENABLE_OBJC_ARC = YES;
				CLANG_ENABLE_OBJC_WEAK = YES;
				CLANG_WARN_BLOCK_CAPTURE_AUTORELEASING = YES;
				CLANG_WARN_BOOL_CONVERSION = YES;
				CLANG_WARN_COMMA = YES;
				CLANG_WARN_CONSTANT_CONVERSION = YES;
				CLANG_WARN_DEPRECATED_OBJC_IMPLEMENTATIONS = YES;
				CLANG_WARN_DIRECT_OBJC_ISA_USAGE = YES_ERROR;
				CLANG_WARN_DOCUMENTATION_COMMENTS = YES;
				CLANG_WARN_EMPTY_BODY = YES;
				CLANG_WARN_ENUM_CONVERSION = YES;
				CLANG_WARN_INFINITE_RECURSION = YES;
				CLANG_WARN_INT_CONVERSION = YES;
				CLANG_WARN_NON_LITERAL_NULL_CONVERSION = YES;
				CLANG_WARN_OBJC_IMPLICIT_RETAIN_SELF = YES;
				CLANG_WARN_OBJC_LITERAL_CONVERSION = YES;
				CLANG_WARN_OBJC_ROOT_CLASS = YES_ERROR;
				CLANG_WARN_RANGE_LOOP_ANALYSIS = YES;
				CLANG_WARN_STRICT_PROTOTYPES = YES;
				CLANG_WARN_SUSPICIOUS_MOVE = YES;
				CLANG_WARN_UNGUARDED_AVAILABILITY = YES_AGGRESSIVE;
				CLANG_WARN_UNREACHABLE_CODE = YES;
				CLANG_WARN__DUPLICATE_METHOD_MATCH = YES;
				CODE_SIGN_IDENTITY = "iPhone Developer";
				COPY_PHASE_STRIP = NO;
				DEBUG_INFORMATION_FORMAT = dwarf;
				ENABLE_STRICT_OBJC_MSGSEND = YES;
				ENABLE_TESTABILITY = YES;
				GCC_C_LANGUAGE_STANDARD = gnu11;
				GCC_DYNAMIC_NO_PIC = NO;
				GCC_NO_COMMON_BLOCKS = YES;
				GCC_OPTIMIZATION_LEVEL = 0;
				GCC_PREPROCESSOR_DEFINITIONS = (
					"DEBUG=1",
					"$(inherited)",
				);
				GCC_WARN_64_TO_32_BIT_CONVERSION = YES;
				GCC_WARN_ABOUT_RETURN_TYPE = YES_ERROR;
				GCC_WARN_UNDECLARED_SELECTOR = YES;
				GCC_WARN_UNINITIALIZED_AUTOS = YES_AGGRESSIVE;
				GCC_WARN_UNUSED_FUNCTION = YES;
				GCC_WARN_UNUSED_VARIABLE = YES;
				IPHONEOS_DEPLOYMENT_TARGET = 12.2;
				MTL_ENABLE_DEBUG_INFO = INCLUDE_SOURCE;
				MTL_FAST_MATH = YES;
				ONLY_ACTIVE_ARCH = YES;
				SDKROOT = iphoneos;
			};
			name = Debug;
		};
		24B87EC322FADFA4008AE95E /* Release */ = {
			isa = XCBuildConfiguration;
			buildSettings = {
				ALWAYS_SEARCH_USER_PATHS = NO;
				CLANG_ANALYZER_NONNULL = YES;
				CLANG_ANALYZER_NUMBER_OBJECT_CONVERSION = YES_AGGRESSIVE;
				CLANG_CXX_LANGUAGE_STANDARD = "gnu++14";
				CLANG_CXX_LIBRARY = "libc++";
				CLANG_ENABLE_MODULES = YES;
				CLANG_ENABLE_OBJC_ARC = YES;
				CLANG_ENABLE_OBJC_WEAK = YES;
				CLANG_WARN_BLOCK_CAPTURE_AUTORELEASING = YES;
				CLANG_WARN_BOOL_CONVERSION = YES;
				CLANG_WARN_COMMA = YES;
				CLANG_WARN_CONSTANT_CONVERSION = YES;
				CLANG_WARN_DEPRECATED_OBJC_IMPLEMENTATIONS = YES;
				CLANG_WARN_DIRECT_OBJC_ISA_USAGE = YES_ERROR;
				CLANG_WARN_DOCUMENTATION_COMMENTS = YES;
				CLANG_WARN_EMPTY_BODY = YES;
				CLANG_WARN_ENUM_CONVERSION = YES;
				CLANG_WARN_INFINITE_RECURSION = YES;
				CLANG_WARN_INT_CONVERSION = YES;
				CLANG_WARN_NON_LITERAL_NULL_CONVERSION = YES;
				CLANG_WARN_OBJC_IMPLICIT_RETAIN_SELF = YES;
				CLANG_WARN_OBJC_LITERAL_CONVERSION = YES;
				CLANG_WARN_OBJC_ROOT_CLASS = YES_ERROR;
				CLANG_WARN_RANGE_LOOP_ANALYSIS = YES;
				CLANG_WARN_STRICT_PROTOTYPES = YES;
				CLANG_WARN_SUSPICIOUS_MOVE = YES;
				CLANG_WARN_UNGUARDED_AVAILABILITY = YES_AGGRESSIVE;
				CLANG_WARN_UNREACHABLE_CODE = YES;
				CLANG_WARN__DUPLICATE_METHOD_MATCH = YES;
				CODE_SIGN_IDENTITY = "iPhone Developer";
				COPY_PHASE_STRIP = NO;
				DEBUG_INFORMATION_FORMAT = "dwarf-with-dsym";
				ENABLE_NS_ASSERTIONS = NO;
				ENABLE_STRICT_OBJC_MSGSEND = YES;
				GCC_C_LANGUAGE_STANDARD = gnu11;
				GCC_NO_COMMON_BLOCKS = YES;
				GCC_WARN_64_TO_32_BIT_CONVERSION = YES;
				GCC_WARN_ABOUT_RETURN_TYPE = YES_ERROR;
				GCC_WARN_UNDECLARED_SELECTOR = YES;
				GCC_WARN_UNINITIALIZED_AUTOS = YES_AGGRESSIVE;
				GCC_WARN_UNUSED_FUNCTION = YES;
				GCC_WARN_UNUSED_VARIABLE = YES;
				IPHONEOS_DEPLOYMENT_TARGET = 12.2;
				MTL_ENABLE_DEBUG_INFO = NO;
				MTL_FAST_MATH = YES;
				SDKROOT = iphoneos;
				VALIDATE_PRODUCT = YES;
			};
			name = Release;
		};
		24B87EC522FADFA4008AE95E /* Debug */ = {
			isa = XCBuildConfiguration;
			buildSettings = {
				ASSETCATALOG_COMPILER_APPICON_NAME = AppIcon;
				CODE_SIGN_STYLE = Automatic;
				DEVELOPMENT_TEAM = BGH7S67FXX;
				INFOPLIST_FILE = video/Info.plist;
				LD_RUNPATH_SEARCH_PATHS = (
					"$(inherited)",
					"@executable_path/Frameworks",
				);
				PRODUCT_BUNDLE_IDENTIFIER = buttem.com.video;
				PRODUCT_NAME = "$(TARGET_NAME)";
				TARGETED_DEVICE_FAMILY = "1,2";
			};
			name = Debug;
		};
		24B87EC622FADFA4008AE95E /* Release */ = {
			isa = XCBuildConfiguration;
			buildSettings = {
				ASSETCATALOG_COMPILER_APPICON_NAME = AppIcon;
				CODE_SIGN_STYLE = Automatic;
				DEVELOPMENT_TEAM = BGH7S67FXX;
				INFOPLIST_FILE = video/Info.plist;
				LD_RUNPATH_SEARCH_PATHS = (
					"$(inherited)",
					"@executable_path/Frameworks",
				);
				PRODUCT_BUNDLE_IDENTIFIER = buttem.com.video;
				PRODUCT_NAME = "$(TARGET_NAME)";
				TARGETED_DEVICE_FAMILY = "1,2";
			};
			name = Release;
		};
		24B87EC822FADFA4008AE95E /* Debug */ = {
			isa = XCBuildConfiguration;
			buildSettings = {
				BUNDLE_LOADER = "$(TEST_HOST)";
				CODE_SIGN_STYLE = Automatic;
				DEVELOPMENT_TEAM = BGH7S67FXX;
				INFOPLIST_FILE = videoTests/Info.plist;
				LD_RUNPATH_SEARCH_PATHS = (
					"$(inherited)",
					"@executable_path/Frameworks",
					"@loader_path/Frameworks",
				);
				PRODUCT_BUNDLE_IDENTIFIER = buttem.com.videoTests;
				PRODUCT_NAME = "$(TARGET_NAME)";
				TARGETED_DEVICE_FAMILY = "1,2";
				TEST_HOST = "$(BUILT_PRODUCTS_DIR)/video.app/video";
			};
			name = Debug;
		};
		24B87EC922FADFA4008AE95E /* Release */ = {
			isa = XCBuildConfiguration;
			buildSettings = {
				BUNDLE_LOADER = "$(TEST_HOST)";
				CODE_SIGN_STYLE = Automatic;
				DEVELOPMENT_TEAM = BGH7S67FXX;
				INFOPLIST_FILE = videoTests/Info.plist;
				LD_RUNPATH_SEARCH_PATHS = (
					"$(inherited)",
					"@executable_path/Frameworks",
					"@loader_path/Frameworks",
				);
				PRODUCT_BUNDLE_IDENTIFIER = buttem.com.videoTests;
				PRODUCT_NAME = "$(TARGET_NAME)";
				TARGETED_DEVICE_FAMILY = "1,2";
				TEST_HOST = "$(BUILT_PRODUCTS_DIR)/video.app/video";
			};
			name = Release;
		};
		24B87ECB22FADFA4008AE95E /* Debug */ = {
			isa = XCBuildConfiguration;
			buildSettings = {
				CODE_SIGN_STYLE = Automatic;
				DEVELOPMENT_TEAM = BGH7S67FXX;
				INFOPLIST_FILE = videoUITests/Info.plist;
				LD_RUNPATH_SEARCH_PATHS = (
					"$(inherited)",
					"@executable_path/Frameworks",
					"@loader_path/Frameworks",
				);
				PRODUCT_BUNDLE_IDENTIFIER = buttem.com.videoUITests;
				PRODUCT_NAME = "$(TARGET_NAME)";
				TARGETED_DEVICE_FAMILY = "1,2";
				TEST_TARGET_NAME = video;
			};
			name = Debug;
		};
		24B87ECC22FADFA4008AE95E /* Release */ = {
			isa = XCBuildConfiguration;
			buildSettings = {
				CODE_SIGN_STYLE = Automatic;
				DEVELOPMENT_TEAM = BGH7S67FXX;
				INFOPLIST_FILE = videoUITests/Info.plist;
				LD_RUNPATH_SEARCH_PATHS = (
					"$(inherited)",
					"@executable_path/Frameworks",
					"@loader_path/Frameworks",
				);
				PRODUCT_BUNDLE_IDENTIFIER = buttem.com.videoUITests;
				PRODUCT_NAME = "$(TARGET_NAME)";
				TARGETED_DEVICE_FAMILY = "1,2";
				TEST_TARGET_NAME = video;
			};
			name = Release;
		};
/* End XCBuildConfiguration section */

/* Begin XCConfigurationList section */
		24B87E9322FADFA0008AE95E /* Build configuration list for PBXProject "video" */ = {
			isa = XCConfigurationList;
			buildConfigurations = (
				24B87EC222FADFA4008AE95E /* Debug */,
				24B87EC322FADFA4008AE95E /* Release */,
			);
			defaultConfigurationIsVisible = 0;
			defaultConfigurationName = Release;
		};
		24B87EC422FADFA4008AE95E /* Build configuration list for PBXNativeTarget "video" */ = {
			isa = XCConfigurationList;
			buildConfigurations = (
				24B87EC522FADFA4008AE95E /* Debug */,
				24B87EC622FADFA4008AE95E /* Release */,
			);
			defaultConfigurationIsVisible = 0;
			defaultConfigurationName = Release;
		};
		24B87EC722FADFA4008AE95E /* Build configuration list for PBXNativeTarget "videoTests" */ = {
			isa = XCConfigurationList;
			buildConfigurations = (
				24B87EC822FADFA4008AE95E /* Debug */,
				24B87EC922FADFA4008AE95E /* Release */,
			);
			defaultConfigurationIsVisible = 0;
			defaultConfigurationName = Release;
		};
		24B87ECA22FADFA4008AE95E /* Build configuration list for PBXNativeTarget "videoUITests" */ = {
			isa = XCConfigurationList;
			buildConfigurations = (
				24B87ECB22FADFA4008AE95E /* Debug */,
				24B87ECC22FADFA4008AE95E /* Release */,
			);
			defaultConfigurationIsVisible = 0;
			defaultConfigurationName = Release;
		};
/* End XCConfigurationList section */
	};
	rootObject = 24B87E9022FADFA0008AE95E /* Project object */;
}
